
Microsoft Visual Studio Solution File, Format Version 12.00
# Visual Studio Version 16
VisualStudioVersion = 16.0.31624.102
MinimumVisualStudioVersion = 10.0.40219.1
Project("{FAE04EC0-301F-11D3-BF4B-00C04F79EFBC}") = "Voting System", "Voting System\Voting System.csproj", "{1A48BD02-58A0-48A6-AFAA-AEA0A81EE3D7}"
EndProject
Project("{FAE04EC0-301F-11D3-BF4B-00C04F79EFBC}") = "Voting System Server", "Voting System Server\Voting System Server.csproj", "{AE24A80F-34EE-4733-B76F-F32035EED4B1}"
EndProject
Global
	GlobalSection(SolutionConfigurationPlatforms) = preSolution
		Debug|Any CPU = Debug|Any CPU
		Release|Any CPU = Release|Any CPU
	EndGlobalSection
	GlobalSection(ProjectConfigurationPlatforms) = postSolution
		{1A48BD02-58A0-48A6-AFAA-AEA0A81EE3D7}.Debug|Any CPU.ActiveCfg = Debug|Any CPU
		{1A48BD02-58A0-48A6-AFAA-AEA0A81EE3D7}.Debug|Any CPU.Build.0 = Debug|Any CPU
		{1A48BD02-58A0-48A6-AFAA-AEA0A81EE3D7}.Release|Any CPU.ActiveCfg = Release|Any CPU
		{1A48BD02-58A0-48A6-AFAA-AEA0A81EE3D7}.Release|Any CPU.Build.0 = Release|Any CPU
		{AE24A80F-34EE-4733-B76F-F32035EED4B1}.Debug|Any CPU.ActiveCfg = Debug|Any CPU
		{AE24A80F-34EE-4733-B76F-F32035EED4B1}.Debug|Any CPU.Build.0 = Debug|Any CPU
		{AE24A80F-34EE-4733-B76F-F32035EED4B1}.Release|Any CPU.ActiveCfg = Release|Any CPU
		{AE24A80F-34EE-4733-B76F-F32035EED4B1}.Release|Any CPU.Build.0 = Release|Any CPU
	EndGlobalSection
	GlobalSection(SolutionProperties) = preSolution
		HideSolutionNode = FALSE
	EndGlobalSection
	GlobalSection(ExtensibilityGlobals) = postSolution
		SolutionGuid = {FC43A790-A296-44E0-830B-1245204583DE}
	EndGlobalSection
EndGlobal
